
Microsoft Visual Studio Solution File, Format Version 12.00
# Visual Studio 2012
Project("{FAE04EC0-301F-11D3-BF4B-00C04F79EFBC}") = "TestDll", "TestDll\TestDll.csproj", "{7E97BFC4-3C47-41E1-AFFF-2B4D11375852}"
EndProject
Project("{FAE04EC0-301F-11D3-BF4B-00C04F79EFBC}") = "Calculating", "Calculating\Calculating.csproj", "{5713CFD1-13CE-40FB-8000-1098867696DD}"
EndProject
Project("{FAE04EC0-301F-11D3-BF4B-00C04F79EFBC}") = "UnitTestProject1", "UnitTestProject1\UnitTestProject1.csproj", "{A41A021D-3625-4546-91D6-E3A0530B561B}"
EndProject
Global
	GlobalSection(SolutionConfigurationPlatforms) = preSolution
		Debug|Any CPU = Debug|Any CPU
		Release|Any CPU = Release|Any CPU
	EndGlobalSection
	GlobalSection(ProjectConfigurationPlatforms) = postSolution
		{7E97BFC4-3C47-41E1-AFFF-2B4D11375852}.Debug|Any CPU.ActiveCfg = Debug|Any CPU
		{7E97BFC4-3C47-41E1-AFFF-2B4D11375852}.Debug|Any CPU.Build.0 = Debug|Any CPU
		{7E97BFC4-3C47-41E1-AFFF-2B4D11375852}.Release|Any CPU.ActiveCfg = Release|Any CPU
		{7E97BFC4-3C47-41E1-AFFF-2B4D11375852}.Release|Any CPU.Build.0 = Release|Any CPU
		{5713CFD1-13CE-40FB-8000-1098867696DD}.Debug|Any CPU.ActiveCfg = Debug|Any CPU
		{5713CFD1-13CE-40FB-8000-1098867696DD}.Debug|Any CPU.Build.0 = Debug|Any CPU
		{5713CFD1-13CE-40FB-8000-1098867696DD}.Release|Any CPU.ActiveCfg = Release|Any CPU
		{5713CFD1-13CE-40FB-8000-1098867696DD}.Release|Any CPU.Build.0 = Release|Any CPU
		{A41A021D-3625-4546-91D6-E3A0530B561B}.Debug|Any CPU.ActiveCfg = Debug|Any CPU
		{A41A021D-3625-4546-91D6-E3A0530B561B}.Debug|Any CPU.Build.0 = Debug|Any CPU
		{A41A021D-3625-4546-91D6-E3A0530B561B}.Release|Any CPU.ActiveCfg = Release|Any CPU
		{A41A021D-3625-4546-91D6-E3A0530B561B}.Release|Any CPU.Build.0 = Release|Any CPU
	EndGlobalSection
	GlobalSection(SolutionProperties) = preSolution
		HideSolutionNode = FALSE
	EndGlobalSection
EndGlobal
